# This file is autogenerated, do not edit; changes may be undone by the next 'dep ensure'.


[[projects]]
  branch = "master"
  name = "github.com/gedex/inflector"
  packages = ["."]
  revision = "16278e9db8130ac7ec405dc174cfb94344f16325"

[[projects]]
  name = "github.com/manyminds/api2go"
  packages = ["jsonapi"]
  revision = "02704db328a8088cdca6bc23538b0222fb29fe2a"
  version = "0.6"

[solve-meta]
  analyzer-name = "dep"
  analyzer-version = 1
  inputs-digest = "f1d7724a79a46d228fd26c126aa24114e36d2ef99bbab7529c59578d9296683a"
  solver-name = "gps-cdcl"
  solver-version = 1
